{
  "name": "@adyen/api-library",
  "version": "8.2.0",
  "lockfileVersion": 1,
  "requires": true,
  "dependencies": {
    "@babel/code-frame": {
      "version": "7.10.4"
    },
    "@babel/compat-data": {
      "version": "7.15.0"
    },
    "@babel/core": {
      "version": "7.15.0",
      "requires": {
        "@babel/code-frame": "7.14.5",
        "@babel/highlight": "7.14.5",
        "@babel/parser": "7.15.3",
        "@babel/template": "7.14.5",
        "@babel/types": "7.15.0",
        "chalk": "2.4.2",
        "has-flag": "3.0.0",
        "source-map": "0.5.7",
        "supports-color": "5.5.0"
      }
    },
    "@babel/generator": {
      "version": "7.15.0",
      "requires": {
        "@babel/types": "7.15.0",
        "source-map": "0.5.7"
      }
    },
    "@babel/helper-compilation-targets": {
      "version": "7.15.0"
    },
    "@babel/helper-function-name": {
      "version": "7.14.5",
      "requires": {
        "@babel/code-frame": "7.14.5",
        "@babel/highlight": "7.14.5",
        "@babel/parser": "7.15.3",
        "@babel/template": "7.14.5",
        "@babel/types": "7.15.0",
        "chalk": "2.4.2",
        "has-flag": "3.0.0",
        "supports-color": "5.5.0"
      }
    },
    "@babel/helper-get-function-arity": {
      "version": "7.14.5",
      "requires": {
        "@babel/types": "7.15.0"
      }
    },
    "@babel/helper-hoist-variables": {
      "version": "7.14.5",
      "requires": {
        "@babel/types": "7.15.0"
      }
    },
    "@babel/helper-member-expression-to-functions": {
      "version": "7.15.0",
      "requires": {
        "@babel/types": "7.15.0"
      }
    },
    "@babel/helper-module-imports": {
      "version": "7.14.5",
      "requires": {
        "@babel/types": "7.15.0"
      }
    },
    "@babel/helper-module-transforms": {
      "version": "7.15.0",
      "requires": {
        "@babel/code-frame": "7.14.5",
        "@babel/helper-split-export-declaration": "7.14.5",
        "@babel/highlight": "7.14.5",
        "@babel/parser": "7.15.3",
        "@babel/template": "7.14.5",
        "@babel/types": "7.15.0",
        "chalk": "2.4.2",
        "has-flag": "3.0.0",
        "supports-color": "5.5.0"
      }
    },
    "@babel/helper-optimise-call-expression": {
      "version": "7.14.5",
      "requires": {
        "@babel/types": "7.15.0"
      }
    },
    "@babel/helper-plugin-utils": {
      "version": "7.10.4"
    },
    "@babel/helper-replace-supers": {
      "version": "7.15.0",
      "requires": {
        "@babel/types": "7.15.0"
      }
    },
    "@babel/helper-simple-access": {
      "version": "7.14.8",
      "requires": {
        "@babel/types": "7.15.0"
      }
    },
    "@babel/helper-split-export-declaration": {
      "version": "7.11.0"
    },
    "@babel/helper-validator-identifier": {
      "version": "7.14.9"
    },
    "@babel/helper-validator-option": {
      "version": "7.14.5"
    },
    "@babel/helpers": {
      "version": "7.15.3",
      "requires": {
        "@babel/code-frame": "7.14.5",
        "@babel/highlight": "7.14.5",
        "@babel/parser": "7.15.3",
        "@babel/template": "7.14.5",
        "@babel/types": "7.15.0",
        "chalk": "2.4.2",
        "has-flag": "3.0.0",
        "supports-color": "5.5.0"
      }
    },
    "@babel/highlight": {
      "version": "7.10.4",
      "requires": {
        "@babel/helper-validator-identifier": "7.10.4",
        "chalk": "2.4.2",
        "has-flag": "3.0.0",
        "supports-color": "5.5.0"
      }
    },
    "@babel/parser": {
      "version": "7.11.5"
    },
    "@babel/plugin-syntax-async-generators": {
      "version": "7.8.4"
    },
    "@babel/plugin-syntax-bigint": {
      "version": "7.8.3"
    },
    "@babel/plugin-syntax-class-properties": {
      "version": "7.10.4"
    },
    "@babel/plugin-syntax-import-meta": {
      "version": "7.10.4"
    },
    "@babel/plugin-syntax-json-strings": {
      "version": "7.8.3"
    },
    "@babel/plugin-syntax-logical-assignment-operators": {
      "version": "7.10.4"
    },
    "@babel/plugin-syntax-nullish-coalescing-operator": {
      "version": "7.8.3"
    },
    "@babel/plugin-syntax-numeric-separator": {
      "version": "7.10.4"
    },
    "@babel/plugin-syntax-object-rest-spread": {
      "version": "7.8.3"
    },
    "@babel/plugin-syntax-optional-catch-binding": {
      "version": "7.8.3"
    },
    "@babel/plugin-syntax-optional-chaining": {
      "version": "7.8.3"
    },
    "@babel/plugin-syntax-top-level-await": {
      "version": "7.14.5",
      "requires": {
        "@babel/helper-plugin-utils": "7.14.5"
      }
    },
    "@babel/plugin-syntax-typescript": {
      "version": "7.14.5",
      "requires": {
        "@babel/helper-plugin-utils": "7.14.5"
      }
    },
    "@babel/template": {
      "version": "7.10.4"
    },
    "@babel/traverse": {
      "version": "7.15.0",
      "requires": {
        "@babel/code-frame": "7.14.5",
        "@babel/helper-split-export-declaration": "7.14.5",
        "@babel/highlight": "7.14.5",
        "@babel/parser": "7.15.3",
        "@babel/types": "7.15.0",
        "chalk": "2.4.2",
        "has-flag": "3.0.0",
        "supports-color": "5.5.0"
      }
    },
    "@babel/types": {
      "version": "7.11.5",
      "requires": {
        "@babel/helper-validator-identifier": "7.10.4"
      }
    },
    "@bcoe/v8-coverage": {
      "version": "0.2.3"
    },
    "@dabh/diagnostics": {
      "version": "2.0.2"
    },
    "@iarna/toml": {
      "version": "2.2.5"
    },
    "@istanbuljs/load-nyc-config": {
      "version": "1.1.0",
      "requires": {
        "camelcase": "5.3.1"
      }
    },
    "@istanbuljs/schema": {
      "version": "0.1.2"
    },
    "@jest/console": {
      "version": "27.0.6",
      "requires": {
        "@types/node": "14.11.2"
      }
    },
    "@jest/core": {
      "version": "27.0.6",
      "requires": {
        "@types/node": "14.11.2"
      }
    },
    "@jest/environment": {
      "version": "27.0.6",
      "requires": {
        "@types/node": "14.11.2"
      }
    },
    "@jest/fake-timers": {
      "version": "27.0.6",
      "requires": {
        "@types/node": "14.11.2"
      }
    },
    "@jest/globals": {
      "version": "27.0.6"
    },
    "@jest/reporters": {
      "version": "27.0.6"
    },
    "@jest/source-map": {
      "version": "27.0.6"
    },
    "@jest/test-result": {
      "version": "27.0.6"
    },
    "@jest/test-sequencer": {
      "version": "27.0.6"
    },
    "@jest/transform": {
      "version": "27.0.6",
      "requires": {
        "@babel/core": "7.11.6",
        "@babel/generator": "7.11.6",
        "@babel/helper-function-name": "7.10.4",
        "@babel/helper-get-function-arity": "7.10.4",
        "@babel/helper-member-expression-to-functions": "7.11.0",
        "@babel/helper-module-imports": "7.10.4",
        "@babel/helper-module-transforms": "7.11.0",
        "@babel/helper-optimise-call-expression": "7.10.4",
        "@babel/helper-replace-supers": "7.10.4",
        "@babel/helper-simple-access": "7.10.4",
        "@babel/helpers": "7.10.4",
        "@babel/traverse": "7.11.5",
        "gensync": "1.0.0-beta.1",
        "semver": "5.7.1"
      },
      "dependencies": {
        "@babel/core": {
          "version": "7.11.6",
          "requires": {
            "source-map": "0.5.7"
          }
        },
        "@babel/generator": {
          "version": "7.11.6",
          "requires": {
            "source-map": "0.5.7"
          }
        }
      }
    },
    "@jest/types": {
      "version": "27.0.6",
      "requires": {
        "@types/node": "14.11.2"
      }
    },
    "@nodelib/fs.scandir": {
      "version": "2.1.3"
    },
    "@nodelib/fs.stat": {
      "version": "2.0.3"
    },
    "@nodelib/fs.walk": {
      "version": "1.2.4"
    },
    "@octokit/auth-token": {
      "version": "2.4.5"
    },
    "@octokit/core": {
      "version": "3.5.1"
    },
    "@octokit/endpoint": {
      "version": "6.0.6",
      "requires": {
        "@octokit/types": "5.5.0",
        "@types/node": "14.11.2"
      }
    },
    "@octokit/graphql": {
      "version": "4.6.1",
      "requires": {
        "@octokit/request": "5.4.9",
        "@octokit/request-error": "2.0.2",
        "@types/node": "14.11.2"
      },
      "dependencies": {
        "@octokit/request": {
          "version": "5.4.9",
          "requires": {
            "@octokit/types": "5.5.0"
          }
        },
        "@octokit/request-error": {
          "version": "2.0.2",
          "requires": {
            "@octokit/types": "5.5.0"
          }
        }
      }
    },
    "@octokit/openapi-types": {
      "version": "6.1.0"
    },
    "@octokit/plugin-paginate-rest": {
      "version": "2.13.3"
    },
    "@octokit/plugin-request-log": {
      "version": "1.0.3"
    },
    "@octokit/plugin-rest-endpoint-methods": {
      "version": "5.7.0",
      "requires": {
        "@octokit/openapi-types": "9.4.0",
        "@octokit/types": "6.24.0"
      }
    },
    "@octokit/request": {
      "version": "5.6.0",
      "requires": {
        "@octokit/openapi-types": "7.3.2",
        "@octokit/request-error": "2.1.0",
        "@octokit/types": "6.16.4"
      },
      "dependencies": {
        "@octokit/request-error": {
          "version": "2.1.0",
          "requires": {
            "@octokit/openapi-types": "6.1.0",
            "@octokit/types": "6.13.1"
          }
        }
      }
    },
    "@octokit/request-error": {
      "version": "2.0.5"
    },
    "@octokit/rest": {
      "version": "18.9.0"
    },
    "@octokit/types": {
      "version": "6.13.1"
    },
    "@sindresorhus/is": {
      "version": "4.0.0"
    },
    "@sinonjs/commons": {
      "version": "1.8.1"
    },
    "@sinonjs/fake-timers": {
      "version": "7.1.2"
    },
    "@szmarczak/http-timer": {
      "version": "4.0.5"
    },
    "@tootallnate/once": {
      "version": "1.1.2"
    },
    "@types/babel__core": {
      "version": "7.1.15"
    },
    "@types/babel__generator": {
      "version": "7.6.1"
    },
    "@types/babel__template": {
      "version": "7.0.2"
    },
    "@types/babel__traverse": {
      "version": "7.0.14"
    },
    "@types/cacheable-request": {
      "version": "6.0.1",
      "requires": {
        "@types/node": "14.11.2"
      }
    },
    "@types/color-name": {
      "version": "1.1.1"
    },
    "@types/eslint-visitor-keys": {
      "version": "1.0.0"
    },
    "@types/graceful-fs": {
      "version": "4.1.3",
      "requires": {
        "@types/node": "14.11.2"
      }
    },
    "@types/http-cache-semantics": {
      "version": "4.0.0"
    },
    "@types/istanbul-lib-coverage": {
      "version": "2.0.3"
    },
    "@types/istanbul-lib-report": {
      "version": "3.0.0"
    },
    "@types/istanbul-reports": {
      "version": "3.0.0"
    },
    "@types/jest": {
      "version": "27.0.1"
    },
    "@types/json-schema": {
      "version": "7.0.6"
    },
    "@types/keyv": {
      "version": "3.1.1",
      "requires": {
        "@types/node": "14.11.2"
      }
    },
    "@types/nock": {
      "version": "11.1.0"
    },
    "@types/node": {
      "version": "14.0.9"
    },
    "@types/parse-json": {
      "version": "4.0.0"
    },
    "@types/prettier": {
      "version": "2.3.2"
    },
    "@types/responselike": {
      "version": "1.0.0",
      "requires": {
        "@types/node": "14.11.2"
      }
    },
    "@types/stack-utils": {
      "version": "2.0.1"
    },
    "@types/yargs": {
      "version": "16.0.4"
    },
    "@types/yargs-parser": {
      "version": "15.0.0"
    },
    "@typescript-eslint/eslint-plugin": {
      "version": "2.34.0",
      "requires": {
        "regexpp": "3.1.0"
      }
    },
    "@typescript-eslint/experimental-utils": {
      "version": "2.34.0",
      "requires": {
        "eslint-utils": "2.1.0"
      }
    },
    "@typescript-eslint/parser": {
      "version": "2.34.0"
    },
    "@typescript-eslint/typescript-estree": {
      "version": "2.34.0",
      "requires": {
        "semver": "7.3.5"
      }
    },
    "abab": {
      "version": "2.0.5"
    },
    "acorn": {
      "version": "8.4.1"
    },
    "acorn-globals": {
      "version": "6.0.0",
      "requires": {
        "acorn": "7.4.0"
      }
    },
    "acorn-walk": {
      "version": "7.2.0"
    },
    "agent-base": {
      "version": "6.0.1"
    },
    "ajv": {
      "version": "6.12.5"
    },
    "ansi-align": {
      "version": "3.0.0",
      "requires": {
        "ansi-regex": "4.1.0",
        "emoji-regex": "7.0.3",
        "string-width": "3.1.0",
        "strip-ansi": "5.2.0"
      }
    },
    "ansi-escapes": {
      "version": "4.3.1",
      "requires": {
        "type-fest": "0.11.0"
      }
    },
    "ansi-regex": {
      "version": "5.0.0"
    },
    "ansi-styles": {
      "version": "3.2.1"
    },
    "anymatch": {
      "version": "3.1.1"
    },
    "argparse": {
      "version": "1.0.10"
    },
    "array-union": {
      "version": "2.1.0"
    },
    "asn1": {
      "version": "0.2.4"
    },
    "assert-plus": {
      "version": "1.0.0"
    },
    "astral-regex": {
      "version": "1.0.0"
    },
    "async": {
      "version": "3.2.0"
    },
    "async-retry": {
      "version": "1.3.1"
    },
    "asynckit": {
      "version": "0.4.0"
    },
    "aws-sign2": {
      "version": "0.7.0"
    },
    "aws4": {
      "version": "1.10.1"
    },
    "babel-plugin-istanbul": {
      "version": "6.0.0"
    },
    "babel-plugin-jest-hoist": {
      "version": "27.0.6"
    },
    "babel-preset-current-node-syntax": {
      "version": "1.0.1"
    },
    "balanced-match": {
      "version": "1.0.0"
    },
    "base64-js": {
      "version": "1.5.1"
    },
    "bcrypt-pbkdf": {
      "version": "1.0.2"
    },
    "before-after-hook": {
      "version": "2.2.1"
    },
    "big.js": {
      "version": "5.2.2"
    },
    "bl": {
      "version": "4.1.0",
      "requires": {
        "readable-stream": "3.6.0",
        "safe-buffer": "5.2.1",
        "string_decoder": "1.3.0"
      }
    },
    "boxen": {
      "version": "5.0.1",
      "requires": {
        "type-fest": "0.20.2"
      }
    },
    "brace-expansion": {
      "version": "1.1.11"
    },
    "braces": {
      "version": "3.0.2"
    },
    "browser-process-hrtime": {
      "version": "1.0.0"
    },
    "browserslist": {
      "version": "4.16.7"
    },
    "bs-logger": {
      "version": "0.2.6"
    },
    "bser": {
      "version": "2.1.1"
    },
    "buffer": {
      "version": "5.7.1"
    },
    "buffer-from": {
      "version": "1.1.1"
    },
    "cacheable-lookup": {
      "version": "5.0.3"
    },
    "cacheable-request": {
      "version": "7.0.1"
    },
    "callsites": {
      "version": "3.1.0"
    },
    "camelcase": {
      "version": "6.2.0"
    },
    "caniuse-lite": {
      "version": "1.0.30001251"
    },
    "caseless": {
      "version": "0.12.0"
    },
    "chalk": {
      "version": "4.1.2",
      "requires": {
        "ansi-styles": "4.2.1",
        "color-convert": "2.0.1"
      }
    },
    "char-regex": {
      "version": "1.0.2"
    },
    "chardet": {
      "version": "0.7.0"
    },
    "ci-info": {
      "version": "3.1.1"
    },
    "cjs-module-lexer": {
      "version": "1.2.2"
    },
    "cli-boxes": {
      "version": "2.2.1"
    },
    "cli-cursor": {
      "version": "3.1.0"
    },
    "cli-spinners": {
      "version": "2.6.0"
    },
    "cli-width": {
      "version": "3.0.0"
    },
    "cliui": {
      "version": "7.0.4"
    },
    "clone": {
      "version": "1.0.4"
    },
    "clone-response": {
      "version": "1.0.2"
    },
    "co": {
      "version": "4.6.0"
    },
    "collect-v8-coverage": {
      "version": "1.0.1"
    },
    "color": {
      "version": "3.0.0"
    },
    "color-convert": {
      "version": "1.9.3",
      "requires": {
        "color-name": "1.1.3"
      }
    },
    "color-name": {
      "version": "1.1.4"
    },
    "color-string": {
      "version": "1.5.5"
    },
    "colorette": {
      "version": "1.3.0"
    },
    "colors": {
      "version": "1.4.0"
    },
    "colorspace": {
      "version": "1.1.2"
    },
    "combined-stream": {
      "version": "1.0.8"
    },
    "concat-map": {
      "version": "0.0.1"
    },
    "configstore": {
      "version": "5.0.1"
    },
    "convert-source-map": {
      "version": "1.7.0"
    },
    "core-util-is": {
      "version": "1.0.2"
    },
    "cosmiconfig": {
      "version": "7.0.0"
    },
    "coveralls": {
      "version": "3.1.1"
    },
    "cross-spawn": {
      "version": "7.0.3"
    },
    "crypto-random-string": {
      "version": "2.0.0"
    },
    "cssom": {
      "version": "0.4.4"
    },
    "cssstyle": {
      "version": "2.3.0",
      "requires": {
        "cssom": "0.3.8"
      }
    },
    "dashdash": {
      "version": "1.14.1"
    },
    "data-urls": {
      "version": "2.0.0"
    },
    "debug": {
      "version": "4.3.2"
    },
    "decimal.js": {
      "version": "10.3.1"
    },
    "decompress-response": {
      "version": "6.0.0",
      "requires": {
        "mimic-response": "3.1.0"
      }
    },
    "dedent": {
      "version": "0.7.0"
    },
    "deep-extend": {
      "version": "0.6.0"
    },
    "deep-is": {
      "version": "0.1.3"
    },
    "deepmerge": {
      "version": "4.2.2"
    },
    "defaults": {
      "version": "1.0.3"
    },
    "defer-to-connect": {
      "version": "2.0.0"
    },
    "delayed-stream": {
      "version": "1.0.0"
    },
    "deprecated-obj": {
      "version": "2.0.0"
    },
    "deprecation": {
      "version": "2.3.1"
    },
    "detect-newline": {
      "version": "3.1.0"
    },
    "diff-sequences": {
      "version": "27.0.6"
    },
    "dir-glob": {
      "version": "3.0.1"
    },
    "doctrine": {
      "version": "3.0.0"
    },
    "domexception": {
      "version": "2.0.1",
      "requires": {
        "webidl-conversions": "5.0.0"
      }
    },
    "dot-prop": {
      "version": "5.3.0"
    },
    "dotenv": {
      "version": "10.0.0"
    },
    "duplexer3": {
      "version": "0.1.4"
    },
    "ecc-jsbn": {
      "version": "0.1.2"
    },
    "electron-to-chromium": {
      "version": "1.3.806"
    },
    "emittery": {
      "version": "0.8.1"
    },
    "emoji-regex": {
      "version": "8.0.0"
    },
    "emojis-list": {
      "version": "3.0.0"
    },
    "enabled": {
      "version": "2.0.0"
    },
    "end-of-stream": {
      "version": "1.4.4"
    },
    "enhanced-resolve": {
      "version": "4.3.0"
    },
    "errno": {
      "version": "0.1.7"
    },
    "error-ex": {
      "version": "1.3.2"
    },
    "escalade": {
      "version": "3.1.1"
    },
    "escape-goat": {
      "version": "2.1.1"
    },
    "escape-string-regexp": {
      "version": "1.0.5"
    },
    "escodegen": {
      "version": "2.0.0"
    },
    "eslint": {
      "version": "6.8.0",
      "requires": {
        "ansi-regex": "4.1.0",
        "chalk": "2.4.2",
        "color-convert": "2.0.1",
        "cross-spawn": "6.0.5",
        "globals": "12.4.0",
        "has-flag": "3.0.0",
        "inquirer": "7.3.3",
        "path-key": "2.0.1",
        "shebang-command": "1.2.0",
        "shebang-regex": "1.0.0",
        "strip-ansi": "5.2.0",
        "supports-color": "5.5.0",
        "type-fest": "0.8.1",
        "which": "1.3.1"
      },
      "dependencies": {
        "cross-spawn": {
          "version": "6.0.5",
          "requires": {
            "semver": "5.7.1"
          }
        },
        "inquirer": {
          "version": "7.3.3",
          "requires": {
            "ansi-regex": "5.0.0",
            "ansi-styles": "4.2.1",
            "chalk": "4.1.2",
            "has-flag": "4.0.0",
            "strip-ansi": "6.0.0",
            "supports-color": "7.2.0"
          }
        }
      }
    },
    "eslint-scope": {
      "version": "5.1.1",
      "requires": {
        "estraverse": "4.3.0"
      }
    },
    "eslint-utils": {
      "version": "1.4.3"
    },
    "eslint-visitor-keys": {
      "version": "1.3.0"
    },
    "espree": {
      "version": "6.2.1",
      "requires": {
        "acorn": "7.4.0",
        "acorn-jsx": "5.3.1"
      }
    },
    "esprima": {
      "version": "4.0.1"
    },
    "esquery": {
      "version": "1.3.1"
    },
    "esrecurse": {
      "version": "4.3.0"
    },
    "estraverse": {
      "version": "5.2.0"
    },
    "esutils": {
      "version": "2.0.3"
    },
    "execa": {
      "version": "5.1.1",
      "requires": {
        "get-stream": "6.0.1"
      }
    },
    "exit": {
      "version": "0.1.2"
    },
    "expect": {
      "version": "27.0.6",
      "requires": {
        "ansi-styles": "5.2.0"
      }
    },
    "extend": {
      "version": "3.0.2"
    },
    "external-editor": {
      "version": "3.1.0"
    },
    "extsprintf": {
      "version": "1.3.0"
    },
    "fast-deep-equal": {
      "version": "3.1.3"
    },
    "fast-glob": {
      "version": "3.2.4",
      "requires": {
        "micromatch": "4.0.2"
      }
    },
    "fast-json-stable-stringify": {
      "version": "2.1.0"
    },
    "fast-levenshtein": {
      "version": "2.0.6"
    },
    "fast-safe-stringify": {
      "version": "2.0.7"
    },
    "fastq": {
      "version": "1.8.0"
    },
    "fb-watchman": {
      "version": "2.0.1"
    },
    "fecha": {
      "version": "4.2.0"
    },
    "figures": {
      "version": "3.2.0"
    },
    "file-entry-cache": {
      "version": "5.0.1"
    },
    "fill-range": {
      "version": "7.0.1"
    },
    "find-up": {
      "version": "4.1.0"
    },
    "flat": {
      "version": "5.0.2"
    },
    "flat-cache": {
      "version": "2.0.1",
      "requires": {
        "rimraf": "2.6.3"
      }
    },
    "flatted": {
      "version": "2.0.2"
    },
    "fn.name": {
      "version": "1.1.0"
    },
    "forever-agent": {
      "version": "0.6.1"
    },
    "form-data": {
      "version": "4.0.0"
    },
    "fs.realpath": {
      "version": "1.0.0"
    },
    "function-bind": {
      "version": "1.1.1"
    },
    "functional-red-black-tree": {
      "version": "1.0.1"
    },
    "gensync": {
      "version": "1.0.0-beta.2"
    },
    "get-caller-file": {
      "version": "2.0.5"
    },
    "get-package-type": {
      "version": "0.1.0"
    },
    "get-stream": {
      "version": "5.2.0"
    },
    "getpass": {
      "version": "0.1.7"
    },
    "git-up": {
      "version": "4.0.2"
    },
    "git-url-parse": {
      "version": "11.5.0"
    },
    "glob": {
      "version": "7.1.6"
    },
    "glob-parent": {
      "version": "5.1.2"
    },
    "global-dirs": {
      "version": "3.0.0"
    },
    "globals": {
      "version": "11.12.0"
    },
    "globby": {
      "version": "11.0.4",
      "requires": {
        "ignore": "5.1.8"
      }
    },
    "got": {
      "version": "11.8.2"
    },
    "graceful-fs": {
      "version": "4.2.4"
    },
    "har-schema": {
      "version": "2.0.0"
    },
    "har-validator": {
      "version": "5.1.5"
    },
    "has": {
      "version": "1.0.3"
    },
    "has-flag": {
      "version": "4.0.0"
    },
    "has-yarn": {
      "version": "2.1.0"
    },
    "html-encoding-sniffer": {
      "version": "2.0.1"
    },
    "html-escaper": {
      "version": "2.0.2"
    },
    "http-cache-semantics": {
      "version": "4.1.0"
    },
    "http-proxy-agent": {
      "version": "4.0.1"
    },
    "http-signature": {
      "version": "1.2.0"
    },
    "http2-wrapper": {
      "version": "1.0.0-beta.5.2"
    },
    "https-proxy-agent": {
      "version": "5.0.0"
    },
    "human-signals": {
      "version": "2.1.0"
    },
    "iconv-lite": {
      "version": "0.4.24"
    },
    "ieee754": {
      "version": "1.2.1"
    },
    "ignore": {
      "version": "4.0.6"
    },
    "import-cwd": {
      "version": "3.0.0"
    },
    "import-fresh": {
      "version": "3.2.1",
      "requires": {
        "resolve-from": "4.0.0"
      }
    },
    "import-from": {
      "version": "3.0.0"
    },
    "import-lazy": {
      "version": "2.1.0"
    },
    "import-local": {
      "version": "3.0.2"
    },
    "imurmurhash": {
      "version": "0.1.4"
    },
    "inflight": {
      "version": "1.0.6"
    },
    "inherits": {
      "version": "2.0.4"
    },
    "ini": {
      "version": "2.0.0"
    },
    "inquirer": {
      "version": "8.1.2",
      "requires": {
        "rxjs": "7.2.0",
        "tslib": "2.1.0"
      }
    },
    "interpret": {
      "version": "1.4.0"
    },
    "is-arrayish": {
      "version": "0.2.1"
    },
    "is-ci": {
      "version": "3.0.0"
    },
    "is-core-module": {
      "version": "2.5.0"
    },
    "is-docker": {
      "version": "2.1.1"
    },
    "is-extglob": {
      "version": "2.1.1"
    },
    "is-fullwidth-code-point": {
      "version": "2.0.0"
    },
    "is-generator-fn": {
      "version": "2.1.0"
    },
    "is-glob": {
      "version": "4.0.1"
    },
    "is-installed-globally": {
      "version": "0.4.0"
    },
    "is-interactive": {
      "version": "1.0.0"
    },
    "is-npm": {
      "version": "5.0.0"
    },
    "is-number": {
      "version": "7.0.0"
    },
    "is-obj": {
      "version": "2.0.0"
    },
    "is-path-inside": {
      "version": "3.0.3"
    },
    "is-plain-object": {
      "version": "5.0.0"
    },
    "is-potential-custom-element-name": {
      "version": "1.0.1"
    },
    "is-ssh": {
      "version": "1.3.2"
    },
    "is-stream": {
      "version": "2.0.0"
    },
    "is-typedarray": {
      "version": "1.0.0"
    },
    "is-unicode-supported": {
      "version": "0.1.0"
    },
    "is-wsl": {
      "version": "2.2.0"
    },
    "is-yarn-global": {
      "version": "0.3.0"
    },
    "isarray": {
      "version": "1.0.0"
    },
    "isexe": {
      "version": "2.0.0"
    },
    "isstream": {
      "version": "0.1.2"
    },
    "istanbul-lib-coverage": {
      "version": "3.0.0"
    },
    "istanbul-lib-instrument": {
      "version": "4.0.3",
      "requires": {
        "@babel/core": "7.11.6",
        "@babel/generator": "7.11.6",
        "@babel/helper-function-name": "7.10.4",
        "@babel/helper-get-function-arity": "7.10.4",
        "@babel/helper-member-expression-to-functions": "7.11.0",
        "@babel/helper-module-imports": "7.10.4",
        "@babel/helper-module-transforms": "7.11.0",
        "@babel/helper-optimise-call-expression": "7.10.4",
        "@babel/helper-replace-supers": "7.10.4",
        "@babel/helper-simple-access": "7.10.4",
        "@babel/helpers": "7.10.4",
        "@babel/traverse": "7.11.5",
        "gensync": "1.0.0-beta.1",
        "source-map": "0.5.7"
      },
      "dependencies": {
        "@babel/core": {
          "version": "7.11.6",
          "requires": {
            "semver": "5.7.1"
          }
        }
      }
    },
    "istanbul-lib-report": {
      "version": "3.0.0"
    },
    "istanbul-lib-source-maps": {
      "version": "4.0.0"
    },
    "istanbul-reports": {
      "version": "3.0.2"
    },
    "jest": {
      "version": "27.0.6"
    },
    "jest-changed-files": {
      "version": "27.0.6"
    },
    "jest-circus": {
      "version": "27.0.6",
      "requires": {
        "@types/node": "14.11.2"
      }
    },
    "jest-cli": {
      "version": "27.0.6"
    },
    "jest-config": {
      "version": "27.0.6",
      "requires": {
        "@babel/core": "7.11.6",
        "@babel/generator": "7.11.6",
        "@babel/helper-function-name": "7.10.4",
        "@babel/helper-get-function-arity": "7.10.4",
        "@babel/helper-member-expression-to-functions": "7.11.0",
        "@babel/helper-module-imports": "7.10.4",
        "@babel/helper-module-transforms": "7.11.0",
        "@babel/helper-optimise-call-expression": "7.10.4",
        "@babel/helper-replace-supers": "7.10.4",
        "@babel/helper-simple-access": "7.10.4",
        "@babel/helpers": "7.10.4",
        "@babel/traverse": "7.11.5",
        "babel-jest": "27.0.6",
        "babel-preset-jest": "27.0.6",
        "gensync": "1.0.0-beta.1",
        "semver": "5.7.1",
        "source-map": "0.5.7"
      }
    },
    "jest-diff": {
      "version": "27.0.6"
    },
    "jest-docblock": {
      "version": "27.0.6"
    },
    "jest-each": {
      "version": "27.0.6"
    },
    "jest-environment-jsdom": {
      "version": "27.0.6",
      "requires": {
        "@types/node": "14.11.2"
      }
    },
    "jest-environment-node": {
      "version": "27.0.6",
      "requires": {
        "@types/node": "14.11.2"
      }
    },
    "jest-get-type": {
      "version": "27.0.6"
    },
    "jest-haste-map": {
      "version": "27.0.6",
      "requires": {
        "@types/node": "14.11.2"
      }
    },
    "jest-jasmine2": {
      "version": "27.0.6",
      "requires": {
        "@babel/generator": "7.11.6",
        "@babel/helper-function-name": "7.10.4",
        "@babel/helper-get-function-arity": "7.10.4",
        "@babel/traverse": "7.11.5",
        "@types/node": "14.11.2",
        "source-map": "0.5.7"
      }
    },
    "jest-leak-detector": {
      "version": "27.0.6"
    },
    "jest-matcher-utils": {
      "version": "27.0.6"
    },
    "jest-message-util": {
      "version": "27.0.6",
      "requires": {
        "@babel/code-frame": "7.14.5",
        "@babel/highlight": "7.14.5",
        "has-flag": "3.0.0",
        "supports-color": "5.5.0"
      },
      "dependencies": {
        "@babel/highlight": {
          "version": "7.14.5",
          "requires": {
            "chalk": "2.4.2"
          }
        }
      }
    },
    "jest-mock": {
      "version": "27.0.6",
      "requires": {
        "@types/node": "14.11.2"
      }
    },
    "jest-pnp-resolver": {
      "version": "1.2.2"
    },
    "jest-regex-util": {
      "version": "27.0.6"
    },
    "jest-resolve": {
      "version": "27.0.6",
      "requires": {
        "resolve": "1.20.0"
      }
    },
    "jest-resolve-dependencies": {
      "version": "27.0.6"
    },
    "jest-runner": {
      "version": "27.0.6",
      "requires": {
        "@types/node": "14.11.2"
      }
    },
    "jest-runtime": {
      "version": "27.0.6"
    },
    "jest-serializer": {
      "version": "27.0.6",
      "requires": {
        "@types/node": "14.11.2"
      }
    },
    "jest-snapshot": {
      "version": "27.0.6",
      "requires": {
        "@babel/parser": "7.15.3",
        "@types/babel__traverse": "7.14.2",
        "semver": "7.3.5"
      }
    },
    "jest-ts-auto-mock": {
      "version": "2.0.0"
    },
    "jest-util": {
      "version": "27.0.6",
      "requires": {
        "@types/node": "14.11.2",
        "picomatch": "2.3.0"
      }
    },
    "jest-validate": {
      "version": "27.0.6"
    },
    "jest-watcher": {
      "version": "27.0.6",
      "requires": {
        "@types/node": "14.11.2"
      }
    },
    "jest-worker": {
      "version": "27.0.6",
      "requires": {
        "@types/node": "14.11.2",
        "supports-color": "8.1.1"
      }
    },
    "js-tokens": {
      "version": "4.0.0"
    },
    "js-yaml": {
      "version": "3.14.0"
    },
    "jsbn": {
      "version": "0.1.1"
    },
    "jsdom": {
      "version": "16.7.0",
      "requires": {
        "form-data": "3.0.1",
        "tough-cookie": "4.0.0"
      }
    },
    "jsesc": {
      "version": "2.5.2"
    },
    "json-buffer": {
      "version": "3.0.1"
    },
    "json-parse-even-better-errors": {
      "version": "2.3.1"
    },
    "json-schema": {
      "version": "0.2.3"
    },
    "json-schema-traverse": {
      "version": "0.4.1"
    },
    "json-stable-stringify-without-jsonify": {
      "version": "1.0.1"
    },
    "json-stringify-safe": {
      "version": "5.0.1"
    },
    "json5": {
      "version": "2.1.3"
    },
    "jsprim": {
      "version": "1.4.1"
    },
    "keyv": {
      "version": "4.0.3"
    },
    "kind-of": {
      "version": "6.0.3"
    },
    "kleur": {
      "version": "3.0.3"
    },
    "kuler": {
      "version": "2.0.0"
    },
    "latest-version": {
      "version": "5.1.0"
    },
    "lcov-parse": {
      "version": "1.0.0"
    },
    "leven": {
      "version": "3.1.0"
    },
    "levn": {
      "version": "0.3.0"
    },
    "lines-and-columns": {
      "version": "1.1.6"
    },
    "loader-utils": {
      "version": "1.4.0",
      "requires": {
        "json5": "1.0.1"
      }
    },
    "locate-path": {
      "version": "5.0.0"
    },
    "lodash": {
      "version": "4.17.21"
    },
    "lodash-es": {
      "version": "4.17.15"
    },
    "lodash.set": {
      "version": "4.3.2"
    },
    "log-driver": {
      "version": "1.2.7"
    },
    "log-symbols": {
      "version": "4.1.0"
    },
    "logform": {
      "version": "2.2.0"
    },
    "lowercase-keys": {
      "version": "2.0.0"
    },
    "lru-cache": {
      "version": "6.0.0"
    },
    "macos-release": {
      "version": "2.5.0"
    },
    "make-dir": {
      "version": "3.1.0"
    },
    "make-error": {
      "version": "1.3.6"
    },
    "makeerror": {
      "version": "1.0.11"
    },
    "memory-fs": {
      "version": "0.5.0"
    },
    "merge-stream": {
      "version": "2.0.0"
    },
    "merge2": {
      "version": "1.4.1"
    },
    "micromatch": {
      "version": "4.0.4",
      "requires": {
        "picomatch": "2.3.0"
      }
    },
    "mime-db": {
      "version": "1.49.0"
    },
    "mime-types": {
      "version": "2.1.32"
    },
    "mimic-fn": {
      "version": "2.1.0"
    },
    "mimic-response": {
      "version": "1.0.1"
    },
    "minimatch": {
      "version": "3.0.4"
    },
    "minimist": {
      "version": "1.2.5"
    },
    "mkdirp": {
      "version": "0.5.5"
    },
    "ms": {
      "version": "2.1.2"
    },
    "mute-stream": {
      "version": "0.0.8"
    },
    "natural-compare": {
      "version": "1.4.0"
    },
    "new-github-release-url": {
      "version": "1.0.0"
    },
    "nice-try": {
      "version": "1.0.5"
    },
    "nock": {
      "version": "13.1.1"
    },
    "node-fetch": {
      "version": "2.6.1"
    },
    "node-int64": {
      "version": "0.4.0"
    },
    "node-modules-regexp": {
      "version": "1.0.0"
    },
    "node-releases": {
      "version": "1.1.74"
    },
    "normalize-path": {
      "version": "3.0.0"
    },
    "normalize-url": {
      "version": "4.5.0"
    },
    "npm-run-path": {
      "version": "4.0.1"
    },
    "nwsapi": {
      "version": "2.2.0"
    },
    "oauth-sign": {
      "version": "0.9.0"
    },
    "once": {
      "version": "1.4.0"
    },
    "one-time": {
      "version": "1.0.0"
    },
    "onetime": {
      "version": "5.1.2"
    },
    "open": {
      "version": "7.4.2"
    },
    "optionator": {
      "version": "0.8.3"
    },
    "ora": {
      "version": "5.4.1"
    },
    "os-name": {
      "version": "4.0.1"
    },
    "os-tmpdir": {
      "version": "1.0.2"
    },
    "p-cancelable": {
      "version": "2.0.0"
    },
    "p-each-series": {
      "version": "2.1.0"
    },
    "p-limit": {
      "version": "2.3.0"
    },
    "p-locate": {
      "version": "4.1.0"
    },
    "p-try": {
      "version": "2.2.0"
    },
    "package-json": {
      "version": "6.5.0",
      "requires": {
        "@sindresorhus/is": "0.14.0",
        "@szmarczak/http-timer": "1.1.2",
        "cacheable-request": "6.1.0",
        "decompress-response": "3.3.0",
        "defer-to-connect": "1.1.3",
        "get-stream": "4.1.0",
        "got": "9.6.0",
        "json-buffer": "3.0.0",
        "keyv": "3.1.0",
        "lowercase-keys": "1.0.1",
        "p-cancelable": "1.1.0",
        "responselike": "1.0.2"
      },
      "dependencies": {
        "cacheable-request": {
          "version": "6.1.0",
          "requires": {
            "get-stream": "5.2.0",
            "lowercase-keys": "2.0.0"
          }
        }
      }
    },
    "parent-module": {
      "version": "1.0.1"
    },
    "parse-json": {
      "version": "5.2.0"
    },
    "parse-path": {
      "version": "4.0.2"
    },
    "parse-url": {
      "version": "5.0.2",
      "requires": {
        "normalize-url": "3.3.0"
      }
    },
    "parse5": {
      "version": "6.0.1"
    },
    "path-exists": {
      "version": "4.0.0"
    },
    "path-is-absolute": {
      "version": "1.0.1"
    },
    "path-key": {
      "version": "3.1.1"
    },
    "path-parse": {
      "version": "1.0.7"
    },
    "path-type": {
      "version": "4.0.0"
    },
    "performance-now": {
      "version": "2.1.0"
    },
    "picomatch": {
      "version": "2.2.2"
    },
    "pirates": {
      "version": "4.0.1"
    },
    "pkg-dir": {
      "version": "4.2.0"
    },
    "prelude-ls": {
      "version": "1.1.2"
    },
    "prepend-http": {
      "version": "2.0.0"
    },
    "pretty-format": {
      "version": "27.0.6",
      "requires": {
        "ansi-styles": "5.2.0"
      }
    },
    "process-nextick-args": {
      "version": "2.0.1"
    },
    "progress": {
      "version": "2.0.3"
    },
    "prompts": {
      "version": "2.3.2"
    },
    "propagate": {
      "version": "2.0.1"
    },
    "protocols": {
      "version": "1.4.8"
    },
    "prr": {
      "version": "1.0.1"
    },
    "psl": {
      "version": "1.8.0"
    },
    "pump": {
      "version": "3.0.0"
    },
    "punycode": {
      "version": "2.1.1"
    },
    "pupa": {
      "version": "2.1.1"
    },
    "qs": {
      "version": "6.5.2"
    },
    "quick-lru": {
      "version": "5.1.1"
    },
    "rc": {
      "version": "1.2.8",
      "requires": {
        "ini": "1.3.7",
        "strip-json-comments": "2.0.1"
      }
    },
    "react-is": {
      "version": "17.0.2"
    },
    "readable-stream": {
      "version": "2.3.7"
    },
    "rechoir": {
      "version": "0.6.2"
    },
    "regexpp": {
      "version": "2.0.1"
    },
    "registry-auth-token": {
      "version": "4.2.0"
    },
    "registry-url": {
      "version": "5.1.0"
    },
    "release-it": {
      "version": "14.11.5",
      "requires": {
        "semver": "7.3.5"
      }
    },
    "request": {
      "version": "2.88.2",
      "requires": {
        "form-data": "2.3.3",
        "safe-buffer": "5.2.1",
        "uuid": "3.4.0"
      }
    },
    "require-directory": {
      "version": "2.1.1"
    },
    "resolve": {
      "version": "1.17.0"
    },
    "resolve-alpn": {
      "version": "1.0.0"
    },
    "resolve-cwd": {
      "version": "3.0.0"
    },
    "resolve-from": {
      "version": "5.0.0"
    },
    "responselike": {
      "version": "2.0.0"
    },
    "restore-cursor": {
      "version": "3.1.0"
    },
    "retry": {
      "version": "0.12.0"
    },
    "reusify": {
      "version": "1.0.4"
    },
    "rimraf": {
      "version": "3.0.2"
    },
    "run-async": {
      "version": "2.4.1"
    },
    "run-parallel": {
      "version": "1.1.9"
    },
    "rxjs": {
      "version": "6.6.3"
    },
    "safe-buffer": {
      "version": "5.1.2"
    },
    "safer-buffer": {
      "version": "2.1.2"
    },
    "saxes": {
      "version": "5.0.1"
    },
    "semver": {
      "version": "6.3.0"
    },
    "semver-diff": {
      "version": "3.1.1"
    },
    "shebang-command": {
      "version": "2.0.0"
    },
    "shebang-regex": {
      "version": "3.0.0"
    },
    "shelljs": {
      "version": "0.8.4"
    },
    "signal-exit": {
      "version": "3.0.3"
    },
    "simple-swizzle": {
      "version": "0.2.2",
      "requires": {
        "is-arrayish": "0.3.2"
      }
    },
    "sisteransi": {
      "version": "1.0.5"
    },
    "slash": {
      "version": "3.0.0"
    },
    "slice-ansi": {
      "version": "2.1.0"
    },
    "source-map": {
      "version": "0.6.1"
    },
    "source-map-support": {
      "version": "0.5.19"
    },
    "sprintf-js": {
      "version": "1.0.3"
    },
    "sshpk": {
      "version": "1.16.1"
    },
    "stack-trace": {
      "version": "0.0.10"
    },
    "stack-utils": {
      "version": "2.0.3",
      "requires": {
        "escape-string-regexp": "2.0.0"
      }
    },
    "string-length": {
      "version": "4.0.2"
    },
    "string-width": {
      "version": "4.2.0",
      "requires": {
        "is-fullwidth-code-point": "3.0.0"
      }
    },
    "string_decoder": {
      "version": "1.1.1"
    },
    "strip-ansi": {
      "version": "6.0.0"
    },
    "strip-bom": {
      "version": "4.0.0"
    },
    "strip-final-newline": {
      "version": "2.0.0"
    },
    "strip-json-comments": {
      "version": "3.1.1"
    },
    "supports-color": {
      "version": "7.2.0"
    },
    "supports-hyperlinks": {
      "version": "2.1.0"
    },
    "symbol-tree": {
      "version": "3.2.4"
    },
    "table": {
      "version": "5.4.6",
      "requires": {
        "ansi-regex": "4.1.0",
        "emoji-regex": "7.0.3",
        "string-width": "3.1.0",
        "strip-ansi": "5.2.0"
      }
    },
    "tapable": {
      "version": "1.1.3"
    },
    "terminal-link": {
      "version": "2.1.1"
    },
    "test-exclude": {
      "version": "6.0.0"
    },
    "text-hex": {
      "version": "1.0.0"
    },
    "text-table": {
      "version": "0.2.0"
    },
    "throat": {
      "version": "6.0.1"
    },
    "through": {
      "version": "2.3.8"
    },
    "tmp": {
      "version": "0.0.33"
    },
    "tmpl": {
      "version": "1.0.4"
    },
    "to-fast-properties": {
      "version": "2.0.0"
    },
    "to-readable-stream": {
      "version": "1.0.0"
    },
    "to-regex-range": {
      "version": "5.0.1"
    },
    "tough-cookie": {
      "version": "2.5.0"
    },
    "tr46": {
      "version": "2.1.0"
    },
    "triple-beam": {
      "version": "1.3.0"
    },
    "ts-auto-mock": {
      "version": "2.7.0",
      "requires": {
        "micromatch": "4.0.2"
      }
    },
    "ts-jest": {
      "version": "27.0.4",
      "requires": {
        "mkdirp": "1.0.4",
        "semver": "7.3.5"
      }
    },
    "ts-loader": {
      "version": "8.0.10",
      "requires": {
        "chalk": "2.4.2",
        "has-flag": "3.0.0",
        "micromatch": "4.0.2",
        "supports-color": "5.5.0"
      }
    },
    "tslib": {
      "version": "1.13.0"
    },
    "tsutils": {
      "version": "3.17.1"
    },
    "ttypescript": {
      "version": "1.5.12"
    },
    "tunnel-agent": {
      "version": "0.6.0",
      "requires": {
        "safe-buffer": "5.2.1"
      }
    },
    "tweetnacl": {
      "version": "0.14.5"
    },
    "type-check": {
      "version": "0.3.2"
    },
    "type-detect": {
      "version": "4.0.8"
    },
    "type-fest": {
      "version": "0.4.1"
    },
    "typedarray-to-buffer": {
      "version": "3.1.5"
    },
    "typescript": {
      "version": "3.9.10"
    },
    "unique-string": {
      "version": "2.0.0"
    },
    "universal-user-agent": {
      "version": "6.0.0"
    },
    "universalify": {
      "version": "0.1.2"
    },
    "update-notifier": {
      "version": "5.1.0",
      "requires": {
        "ci-info": "2.0.0",
        "is-ci": "2.0.0",
        "semver": "7.3.5"
      }
    },
    "uri-js": {
      "version": "4.4.0"
    },
    "url-join": {
      "version": "4.0.1"
    },
    "url-parse-lax": {
      "version": "3.0.0"
    },
    "util-deprecate": {
      "version": "1.0.2"
    },
    "uuid": {
      "version": "8.3.2"
    },
    "v8-compile-cache": {
      "version": "2.1.1"
    },
    "v8-to-istanbul": {
      "version": "8.0.0",
      "requires": {
        "source-map": "0.7.3"
      }
    },
    "verror": {
      "version": "1.10.0",
      "requires": {
        "extsprintf": "1.4.0"
      }
    },
    "w3c-hr-time": {
      "version": "1.0.2"
    },
    "w3c-xmlserializer": {
      "version": "2.0.0"
    },
    "walker": {
      "version": "1.0.7"
    },
    "wcwidth": {
      "version": "1.0.1"
    },
    "webidl-conversions": {
      "version": "6.1.0"
    },
    "whatwg-encoding": {
      "version": "1.0.5"
    },
    "whatwg-mimetype": {
      "version": "2.3.0"
    },
    "whatwg-url": {
      "version": "8.7.0"
    },
    "which": {
      "version": "2.0.2"
    },
    "widest-line": {
      "version": "3.1.0"
    },
    "windows-release": {
      "version": "4.0.0",
      "requires": {
        "execa": "4.1.0",
        "human-signals": "1.1.1"
      }
    },
    "winston": {
      "version": "3.3.3",
      "requires": {
        "readable-stream": "3.6.0",
        "safe-buffer": "5.2.1",
        "string_decoder": "1.3.0"
      }
    },
    "winston-transport": {
      "version": "4.4.0"
    },
    "word-wrap": {
      "version": "1.2.3"
    },
    "wrap-ansi": {
      "version": "7.0.0",
      "requires": {
        "ansi-styles": "4.2.1",
        "color-convert": "2.0.1"
      }
    },
    "wrappy": {
      "version": "1.0.2"
    },
    "write": {
      "version": "1.0.3"
    },
    "write-file-atomic": {
      "version": "3.0.3"
    },
    "ws": {
      "version": "7.5.3"
    },
    "xdg-basedir": {
      "version": "4.0.0"
    },
    "xml-name-validator": {
      "version": "3.0.0"
    },
    "xmlchars": {
      "version": "2.2.0"
    },
    "y18n": {
      "version": "5.0.8"
    },
    "yallist": {
      "version": "4.0.0"
    },
    "yaml": {
      "version": "1.10.2"
    },
    "yargs": {
      "version": "16.2.0"
    },
    "yargs-parser": {
      "version": "20.2.9"
    }
  }
}
