{
  "name": "adyen-node-api-library",
  "version": "1.0.0",
  "lockfileVersion": 1,
  "requires": true,
  "dependencies": {
    "@babel/core": {
      "version": "7.5.0",
      "resolved": "https://registry.npmjs.org/@babel/core/-/core-7.5.0.tgz",
      "integrity": "sha512-6Isr4X98pwXqHvtigw71CKgmhL1etZjPs5A67jL/w0TkLM9eqmFR40YrnJvEc1WnMZFsskjsmid8bHZyxKEAnw==",
      "dev": true,
      "dependencies": {
        "source-map": {
          "version": "0.5.7",
          "resolved": "https://registry.npmjs.org/source-map/-/source-map-0.5.7.tgz",
          "integrity": "sha1-igOdLRAh0i0eoUyA2OpGi6LvP8w="
        }
      }
    },
    "@babel/helper-plugin-utils": {
      "version": "7.0.0",
      "resolved": "https://registry.npmjs.org/@babel/helper-plugin-utils/-/helper-plugin-utils-7.0.0.tgz",
      "integrity": "sha512-CYAOUCARwExnEixLdB6sDm2dIJ/YgEAKDM1MOeMeZu9Ld/bDgVo8aiWrXwcY7OBh+1Ea2uUcVRcxKk0GJvW7QA==",
      "dev": true
    },
    "@babel/plugin-proposal-class-properties": {
      "version": "7.5.0",
      "resolved": "https://registry.npmjs.org/@babel/plugin-proposal-class-properties/-/plugin-proposal-class-properties-7.5.0.tgz",
      "integrity": "sha512-9L/JfPCT+kShiiTTzcnBJ8cOwdKVmlC1RcCf9F0F9tERVrM4iWtWnXtjWCRqNm2la2BxO1MPArWNsU9zsSJWSQ==",
      "dev": true
    },
    "@babel/plugin-proposal-object-rest-spread": {
      "version": "7.5.1",
      "resolved": "https://registry.npmjs.org/@babel/plugin-proposal-object-rest-spread/-/plugin-proposal-object-rest-spread-7.5.1.tgz",
      "integrity": "sha512-PVGXx5LYHcT7L4MdoE+rM5uq68IKlvU9lljVQ4OXY6aUEnGvezcGbM4VNY57Ug+3R2Zg/nYHlEdiWoIBoRA0mw==",
      "dev": true,
      "requires": {
        "@babel/helper-plugin-utils": "^7.0.0",
        "@babel/plugin-syntax-object-rest-spread": "^7.2.0"
      }
    },
    "@babel/plugin-syntax-object-rest-spread": {
      "version": "7.2.0",
      "resolved": "https://registry.npmjs.org/@babel/plugin-syntax-object-rest-spread/-/plugin-syntax-object-rest-spread-7.2.0.tgz",
      "integrity": "sha512-t0JKGgqk2We+9may3t0xDdmneaXmyxq0xieYcKHxIsrJO64n1OiMWNUtc5gQK1PA0NpdCRrtZp4z+IUaKugrSA==",
      "dev": true
    },
    "@babel/plugin-transform-runtime": {
      "version": "7.5.0",
      "resolved": "https://registry.npmjs.org/@babel/plugin-transform-runtime/-/plugin-transform-runtime-7.5.0.tgz",
      "integrity": "sha512-LmPIZOAgTLl+86gR9KjLXex6P/lRz1fWEjTz6V6QZMmKie51ja3tvzdwORqhHc4RWR8TcZ5pClpRWs0mlaA2ng==",
      "dev": true
    },
    "@babel/preset-env": {
      "version": "7.5.0",
      "resolved": "https://registry.npmjs.org/@babel/preset-env/-/preset-env-7.5.0.tgz",
      "integrity": "sha512-/5oQ7cYg+6sH9Dt9yx5IiylnLPiUdyMHl5y+K0mKVNiW2wJ7FpU5bg8jKcT8PcCbxdYzfv6OuC63jLEtMuRSmQ==",
      "dev": true
    },
    "@babel/preset-typescript": {
      "version": "7.3.3",
      "resolved": "https://registry.npmjs.org/@babel/preset-typescript/-/preset-typescript-7.3.3.tgz",
      "integrity": "sha512-mzMVuIP4lqtn4du2ynEfdO0+RYcslwrZiJHXu4MGaC1ctJiW2fyaeDrtjJGs7R/KebZ1sgowcIoWf4uRpEfKEg==",
      "dev": true
    },
    "@babel/runtime": {
      "version": "7.5.1",
      "resolved": "https://registry.npmjs.org/@babel/runtime/-/runtime-7.5.1.tgz",
      "integrity": "sha512-g+hmPKs16iewFSmW57NkH9xpPkuYD1RV3UE2BCkXx9j+nhhRb9hsiSxPmEa67j35IecTQdn4iyMtHMbt5VoREg==",
      "dev": true,
      "requires": {
        "regenerator-runtime": "^0.13.2"
      }
    },
    "@types/jest": {
      "version": "24.0.15",
      "resolved": "https://registry.npmjs.org/@types/jest/-/jest-24.0.15.tgz",
      "integrity": "sha512-MU1HIvWUme74stAoc3mgAi+aMlgKOudgEvQDIm1v4RkrDudBh1T+NFp5sftpBAdXdx1J0PbdpJ+M2EsSOi1djA==",
      "dev": true
    },
    "@types/node": {
      "version": "11.13.17",
      "resolved": "https://registry.npmjs.org/@types/node/-/node-11.13.17.tgz",
      "integrity": "sha512-7W3kSMa8diVH6s24a8Qrmvwu+vG3ahOC/flMHFdWSdnPYoQI0yPO84h5zOWYXAha2Npn3Pw3SSuQSwBUfaniyQ==",
      "dev": true
    },
    "@typescript-eslint/eslint-plugin": {
      "version": "1.11.0",
      "resolved": "https://registry.npmjs.org/@typescript-eslint/eslint-plugin/-/eslint-plugin-1.11.0.tgz",
      "integrity": "sha512-mXv9ccCou89C8/4avKHuPB2WkSZyY/XcTQUXd5LFZAcLw1I3mWYVjUu6eS9Ja0QkP/ClolbcW9tb3Ov/pMdcqw==",
      "dev": true
    },
    "@typescript-eslint/parser": {
      "version": "1.11.0",
      "resolved": "https://registry.npmjs.org/@typescript-eslint/parser/-/parser-1.11.0.tgz",
      "integrity": "sha512-5xBExyXaxVyczrZvbRKEXvaTUFFq7gIM9BynXukXZE0zF3IQP/FxF4mPmmh3gJ9egafZFqByCpPTFm3dk4SY7Q==",
      "dev": true
    },
    "babel-loader": {
      "version": "8.0.6",
      "resolved": "https://registry.npmjs.org/babel-loader/-/babel-loader-8.0.6.tgz",
      "integrity": "sha512-4BmWKtBOBm13uoUwd08UwjZlaw3O9GWf456R9j+5YykFZ6LUIjIKLc0zEZf+hauxPOJs96C8k6FvYD09vWzhYw==",
      "dev": true
    },
    "coveralls": {
      "version": "3.0.4",
      "resolved": "https://registry.npmjs.org/coveralls/-/coveralls-3.0.4.tgz",
      "integrity": "sha512-eyqUWA/7RT0JagiL0tThVhjbIjoiEUyWCjtUJoOPcWoeofP5WK/jb2OJYoBFrR6DvplR+AxOyuBqk4JHkk5ykA==",
      "dev": true
    },
    "eslint": {
      "version": "6.0.1",
      "resolved": "https://registry.npmjs.org/eslint/-/eslint-6.0.1.tgz",
      "integrity": "sha512-DyQRaMmORQ+JsWShYsSg4OPTjY56u1nCjAmICrE8vLWqyLKxhFXOthwMj1SA8xwfrv0CofLNVnqbfyhwCkaO0w==",
      "dev": true,
      "dependencies": {
        "espree": {
          "version": "6.0.0",
          "resolved": "https://registry.npmjs.org/espree/-/espree-6.0.0.tgz",
          "integrity": "sha512-lJvCS6YbCn3ImT3yKkPe0+tJ+mH6ljhGNjHQH9mRtiO6gjhVAOhVXW1yjnwqGwTkK3bGbye+hb00nFNmu0l/1Q=="
        }
      }
    },
    "jest": {
      "version": "24.8.0",
      "resolved": "https://registry.npmjs.org/jest/-/jest-24.8.0.tgz",
      "integrity": "sha512-o0HM90RKFRNWmAWvlyV8i5jGZ97pFwkeVoGvPW1EtLTgJc2+jcuqcbbqcSZLE/3f2S5pt0y2ZBETuhpWNl1Reg==",
      "dev": true,
      "dependencies": {
        "jest-cli": {
          "version": "24.8.0",
          "resolved": "https://registry.npmjs.org/jest-cli/-/jest-cli-24.8.0.tgz",
          "integrity": "sha512-+p6J00jSMPQ116ZLlHJJvdf8wbjNbZdeSX9ptfHX06/MSNaXmKihQzx5vQcw0q2G6JsdVkUIdWbOWtSnaYs3yA=="
        }
      }
    },
    "regenerator-runtime": {
      "version": "0.13.2",
      "resolved": "https://registry.npmjs.org/regenerator-runtime/-/regenerator-runtime-0.13.2.tgz",
      "integrity": "sha512-S/TQAZJO+D3m9xeN1WTI8dLKBBiRgXBlTJvbWjCThHWZj9EvHK70Ff50/tYj2J/fvBY6JtFVwRuazHN2E7M9BA==",
      "dev": true
    },
    "ts-loader": {
      "version": "6.0.4",
      "resolved": "https://registry.npmjs.org/ts-loader/-/ts-loader-6.0.4.tgz",
      "integrity": "sha512-p2zJYe7OtwR+49kv4gs7v4dMrfYD1IPpOtqiSPCbe8oR+4zEBtdHwzM7A7M91F+suReqgzZrlClk4LRSSp882g==",
      "dev": true,
      "dependencies": {
        "braces": {
          "version": "3.0.2",
          "resolved": "https://registry.npmjs.org/braces/-/braces-3.0.2.tgz",
          "integrity": "sha512-b8um+L1RzM3WDSzvhm6gIz1yfTbBt6YTlcEKAvsmqCZZFw46z626lVj9j1yEPW33H5H+lBQpZMP1k8l+78Ha0A=="
        },
        "fill-range": {
          "version": "7.0.1",
          "resolved": "https://registry.npmjs.org/fill-range/-/fill-range-7.0.1.tgz",
          "integrity": "sha512-qOo9F+dMUmC2Lcb4BbVvnKJxTPjCm+RRpe4gDuGrzkL7mEVl/djYSu2OdQ2Pa302N4oqkSg9ir6jaLWJ2USVpQ=="
        },
        "is-number": {
          "version": "7.0.0",
          "resolved": "https://registry.npmjs.org/is-number/-/is-number-7.0.0.tgz",
          "integrity": "sha512-41Cifkg6e8TylSpdtTpeLVMqvSBEVzTttHvERD741+pnZ8ANv0004MRL43QKPDlK9cGvNp6NZWZUBlbGXYxxng=="
        },
        "micromatch": {
          "version": "4.0.2",
          "resolved": "https://registry.npmjs.org/micromatch/-/micromatch-4.0.2.tgz",
          "integrity": "sha512-y7FpHSbMUMoyPbYUSzO6PaZ6FyRnQOpHuKwbo1G+Knck95XVU4QAiKdGEnj5wwoS7PlOgthX/09u5iFJ+aYf5Q=="
        },
        "semver": {
          "version": "6.2.0",
          "resolved": "https://registry.npmjs.org/semver/-/semver-6.2.0.tgz",
          "integrity": "sha512-jdFC1VdUGT/2Scgbimf7FSx9iJLXoqfglSF+gJeuNWVpiE37OIbc1jywR/GJyFdz3mnkz2/id0L0J/cr0izR5A=="
        },
        "to-regex-range": {
          "version": "5.0.1",
          "resolved": "https://registry.npmjs.org/to-regex-range/-/to-regex-range-5.0.1.tgz",
          "integrity": "sha512-65P7iz6X5yEr1cwcgvQxbbIw7Uk3gOy5dIdtZ4rDveLqhrdJP+Li/Hx6tyK0NEb+2GCyneCMJiGqrADCSNk8sQ=="
        }
      }
    },
    "typescript": {
      "version": "3.5.2",
      "resolved": "https://registry.npmjs.org/typescript/-/typescript-3.5.2.tgz",
      "integrity": "sha512-7KxJovlYhTX5RaRbUdkAXN1KUZ8PwWlTzQdHV6xNqvuFOs7+WBo10TQUqT19Q/Jz2hk5v9TQDIhyLhhJY4p5AA==",
      "dev": true
    },
    "webpack": {
      "version": "4.35.2",
      "resolved": "https://registry.npmjs.org/webpack/-/webpack-4.35.2.tgz",
      "integrity": "sha512-TZAmorNymV4q66gAM/h90cEjG+N3627Q2MnkSgKlX/z3DlNVKUtqy57lz1WmZU2+FUZwzM+qm7cGaO95PyrX5A==",
      "dev": true
    },
    "webpack-cli": {
      "version": "3.3.5",
      "resolved": "https://registry.npmjs.org/webpack-cli/-/webpack-cli-3.3.5.tgz",
      "integrity": "sha512-w0j/s42c5UhchwTmV/45MLQnTVwRoaUTu9fM5LuyOd/8lFoCNCELDogFoecx5NzRUndO0yD/gF2b02XKMnmAWQ==",
      "dev": true,
      "dependencies": {
        "ansi-regex": {
          "version": "4.1.0",
          "resolved": "https://registry.npmjs.org/ansi-regex/-/ansi-regex-4.1.0.tgz",
          "integrity": "sha512-1apePfXM1UOSqw0o9IiFAovVz9M5S1Dg+4TrDwfMewQ6p/rmMueb7tWZjQ1rx4Loy1ArBggoqGpfqqdI4rondg=="
        },
        "cliui": {
          "version": "5.0.0",
          "resolved": "https://registry.npmjs.org/cliui/-/cliui-5.0.0.tgz",
          "integrity": "sha512-PYeGSEmmHM6zvoef2w8TPzlrnNpXIjTipYK780YswmIP9vjxmd6Y2a3CB2Ks6/AU8NHjZugXvo8w3oWM2qnwXA=="
        },
        "get-caller-file": {
          "version": "2.0.5",
          "resolved": "https://registry.npmjs.org/get-caller-file/-/get-caller-file-2.0.5.tgz",
          "integrity": "sha512-DyFP3BM/3YHTQOCUL/w0OZHR0lpKeGrxotcHWcqNEdnltqFwXVfhEBQ94eIo34AfQpo0rGki4cyIiftY06h2Fg=="
        },
        "string-width": {
          "version": "3.1.0",
          "resolved": "https://registry.npmjs.org/string-width/-/string-width-3.1.0.tgz",
          "integrity": "sha512-vafcv6KjVZKSgz06oM/H6GDBrAtz8vdhQakGjFIvNrHA6y3HCF1CInLy+QLq8dTJPQ1b+KDUqDFctkdRW44e1w=="
        },
        "strip-ansi": {
          "version": "5.2.0",
          "resolved": "https://registry.npmjs.org/strip-ansi/-/strip-ansi-5.2.0.tgz",
          "integrity": "sha512-DuRs1gKbBqsMKIZlrffwlug8MHkcnpjs5VPmL1PAh+mA30U0DTotfDZ0d2UUsXpPmPmMMJ6W773MaA3J+lbiWA=="
        },
        "supports-color": {
          "version": "6.1.0",
          "resolved": "https://registry.npmjs.org/supports-color/-/supports-color-6.1.0.tgz",
          "integrity": "sha512-qe1jfm1Mg7Nq/NSh6XE24gPXROEVsWHxC1LIx//XNlD9iw7YZQGjZNjYN7xGaEG6iKdA8EtNFW6R0gjnVXp+wQ=="
        },
        "wrap-ansi": {
          "version": "5.1.0",
          "resolved": "https://registry.npmjs.org/wrap-ansi/-/wrap-ansi-5.1.0.tgz",
          "integrity": "sha512-QC1/iN/2/RPVJ5jYK8BGttj5z83LmSKmvbvrXPNCLZSEb32KKVDJDl/MOt2N01qU2H/FkzEa9PKto1BqDjtd7Q=="
        },
        "yargs": {
          "version": "13.2.4",
          "resolved": "https://registry.npmjs.org/yargs/-/yargs-13.2.4.tgz",
          "integrity": "sha512-HG/DWAJa1PAnHT9JAhNa8AbAv3FPaiLzioSjCcmuXXhP8MlpHO5vwls4g4j6n30Z74GVQj8Xa62dWVx1QCGklg=="
        },
        "yargs-parser": {
          "version": "13.1.1",
          "resolved": "https://registry.npmjs.org/yargs-parser/-/yargs-parser-13.1.1.tgz",
          "integrity": "sha512-oVAVsHz6uFrg3XQheFII8ESO2ssAf9luWuAd6Wexsu4F3OtIW0o8IribPXYrD4WC24LWtPrJlGy87y5udK+dxQ=="
        }
      }
    }
  }
}
